# THIS IS AN AUTOGENERATED FILE. DO NOT EDIT THIS FILE DIRECTLY.
# yarn lockfile v1


"@react-leaflet/core@^2.0.0":
  version "2.0.0"
  resolved "https://registry.yarnpkg.com/@react-leaflet/core/-/core-2.0.0.tgz#212f4d87dc7681f40ca0e47d99672676c20c8ef6"
  integrity sha512-SQQ5DCQIaLzvslN6wCXs5OWqtlvk1Ubv2n5d7zTM8SDl9hM5Rr2wVy7/nOCIY958D75/ovhq6ZoSvT7GLCX6sg==

leaflet@^1.8.0:
  version "1.8.0"
  resolved "https://registry.yarnpkg.com/leaflet/-/leaflet-1.8.0.tgz#4615db4a22a304e8e692cae9270b983b38a2055e"
  integrity sha512-gwhMjFCQiYs3x/Sf+d49f10ERXaEFCPr+nVTryhAW8DWbMGqJqt9G4XuIaHmFW08zYvhgdzqXGr8AlW8v8dQkA==

react-leaflet@^4.0.1:
  version "4.0.1"
  resolved "https://registry.yarnpkg.com/react-leaflet/-/react-leaflet-4.0.1.tgz#84f085241c741b43184808c2038642e88de7655e"
  integrity sha512-CpMQ99+52AklQofrGrVQHqHSyY41wqax1wT65XdyEkky/26V/j+Sv+fp0/wOaqPvdEMaSO/Ovj4dS7bGqtYpwQ==
  dependencies:
    "@react-leaflet/core" "^2.0.0"
